
Microsoft Visual Studio Solution File, Format Version 12.00
# Visual Studio Version 17
VisualStudioVersion = 17.10.35004.147
MinimumVisualStudioVersion = 10.0.40219.1
Project("{FAE04EC0-301F-11D3-BF4B-00C04F79EFBC}") = "Eduard.Minin", "Eduard.Minin\Eduard.Minin.csproj", "{684C3BDA-DAEE-4E5B-ACCF-12BD2E703C96}"
EndProject
Global
	GlobalSection(SolutionConfigurationPlatforms) = preSolution
		Debug|Any CPU = Debug|Any CPU
		Release|Any CPU = Release|Any CPU
	EndGlobalSection
	GlobalSection(ProjectConfigurationPlatforms) = postSolution
		{684C3BDA-DAEE-4E5B-ACCF-12BD2E703C96}.Debug|Any CPU.ActiveCfg = Debug|Any CPU
		{684C3BDA-DAEE-4E5B-ACCF-12BD2E703C96}.Debug|Any CPU.Build.0 = Debug|Any CPU
		{684C3BDA-DAEE-4E5B-ACCF-12BD2E703C96}.Release|Any CPU.ActiveCfg = Release|Any CPU
		{684C3BDA-DAEE-4E5B-ACCF-12BD2E703C96}.Release|Any CPU.Build.0 = Release|Any CPU
	EndGlobalSection
	GlobalSection(SolutionProperties) = preSolution
		HideSolutionNode = FALSE
	EndGlobalSection
	GlobalSection(ExtensibilityGlobals) = postSolution
		SolutionGuid = {4C126CDF-CBE1-4D6E-A247-16B7D43A561B}
	EndGlobalSection
EndGlobal
